{
  "originHash" : "2c23d7f72ba81a84cea6a74a8adf85a09962e2f3b4ba524f49985ee415cfd1e9",
  "pins" : [
    {
      "identity" : "nimbus-updater",
      "kind" : "remoteSourceControl",
      "location" : "https://github.com/njoubert/nimbus-updater.git",
      "state" : {
        "revision" : "040c188f32271981ca25c69e1d26f5b17cfe6dff",
        "version" : "1.4.0"
      }
    }
  ],
  "version" : 3
}
