{
  "originHash" : "2c23d7f72ba81a84cea6a74a8adf85a09962e2f3b4ba524f49985ee415cfd1e9",
  "pins" : [
    {
      "identity" : "nimbus-updater",
      "kind" : "remoteSourceControl",
      "location" : "https://github.com/njoubert/nimbus-updater.git",
      "state" : {
        "revision" : "c308e01ff4b15e568ab6e91c12c81e8ef9d21bc1",
        "version" : "1.3.0"
      }
    }
  ],
  "version" : 3
}
